
Microsoft Visual Studio Solution File, Format Version 12.00
# Visual Studio 15
VisualStudioVersion = 15.0.27703.2035
MinimumVisualStudioVersion = 10.0.40219.1
Project("{FAE04EC0-301F-11D3-BF4B-00C04F79EFBC}") = "DynamicAttribute", "DynamicAttribute\DynamicAttribute.csproj", "{8A05B0F4-E222-4ED1-9F4F-4AEC8534EB95}"
EndProject
Project("{2150E333-8FDC-42A3-9474-1A3956D46DE8}") = "Solution Items", "Solution Items", "{E72283A0-1260-448F-A579-360C3889BA15}"
	ProjectSection(SolutionItems) = preProject
		AppImage.png = AppImage.png
		README.md = README.md
	EndProjectSection
EndProject
Global
	GlobalSection(SolutionConfigurationPlatforms) = preSolution
		Debug|Any CPU = Debug|Any CPU
		Release|Any CPU = Release|Any CPU
	EndGlobalSection
	GlobalSection(ProjectConfigurationPlatforms) = postSolution
		{8A05B0F4-E222-4ED1-9F4F-4AEC8534EB95}.Debug|Any CPU.ActiveCfg = Debug|Any CPU
		{8A05B0F4-E222-4ED1-9F4F-4AEC8534EB95}.Debug|Any CPU.Build.0 = Debug|Any CPU
		{8A05B0F4-E222-4ED1-9F4F-4AEC8534EB95}.Release|Any CPU.ActiveCfg = Release|Any CPU
		{8A05B0F4-E222-4ED1-9F4F-4AEC8534EB95}.Release|Any CPU.Build.0 = Release|Any CPU
	EndGlobalSection
	GlobalSection(SolutionProperties) = preSolution
		HideSolutionNode = FALSE
	EndGlobalSection
	GlobalSection(ExtensibilityGlobals) = postSolution
		SolutionGuid = {2DE5867C-DF6B-4C2A-8984-3D3B21EE8CF5}
	EndGlobalSection
EndGlobal
